
Microsoft Visual Studio Solution File, Format Version 12.00
# Visual Studio Version 16
VisualStudioVersion = 16.0.29806.167
MinimumVisualStudioVersion = 10.0.40219.1
Project("{FAE04EC0-301F-11D3-BF4B-00C04F79EFBC}") = "FileManagerCreateFolder", "FileManagerCreateFolder\FileManagerCreateFolder.csproj", "{5AE4F144-23E9-4199-923B-881BA780C86C}"
EndProject
Global
	GlobalSection(SolutionConfigurationPlatforms) = preSolution
		Debug|Any CPU = Debug|Any CPU
		Release|Any CPU = Release|Any CPU
	EndGlobalSection
	GlobalSection(ProjectConfigurationPlatforms) = postSolution
		{5AE4F144-23E9-4199-923B-881BA780C86C}.Debug|Any CPU.ActiveCfg = Debug|Any CPU
		{5AE4F144-23E9-4199-923B-881BA780C86C}.Debug|Any CPU.Build.0 = Debug|Any CPU
		{5AE4F144-23E9-4199-923B-881BA780C86C}.Release|Any CPU.ActiveCfg = Release|Any CPU
		{5AE4F144-23E9-4199-923B-881BA780C86C}.Release|Any CPU.Build.0 = Release|Any CPU
	EndGlobalSection
	GlobalSection(SolutionProperties) = preSolution
		HideSolutionNode = FALSE
	EndGlobalSection
	GlobalSection(ExtensibilityGlobals) = postSolution
		SolutionGuid = {D60896C5-3168-4C73-B547-E834A9CB0EE7}
	EndGlobalSection
EndGlobal
